
Microsoft Visual Studio Solution File, Format Version 12.00
# Visual Studio 15
VisualStudioVersion = 15.0.28307.168
MinimumVisualStudioVersion = 10.0.40219.1
Project("{FAE04EC0-301F-11D3-BF4B-00C04F79EFBC}") = "Poster", "Poster\Poster.csproj", "{9BC8311E-1145-4A06-BE6F-2FCA8D6755C3}"
EndProject
Global
	GlobalSection(SolutionConfigurationPlatforms) = preSolution
		Debug|Any CPU = Debug|Any CPU
		Release|Any CPU = Release|Any CPU
	EndGlobalSection
	GlobalSection(ProjectConfigurationPlatforms) = postSolution
		{9BC8311E-1145-4A06-BE6F-2FCA8D6755C3}.Debug|Any CPU.ActiveCfg = Debug|Any CPU
		{9BC8311E-1145-4A06-BE6F-2FCA8D6755C3}.Debug|Any CPU.Build.0 = Debug|Any CPU
		{9BC8311E-1145-4A06-BE6F-2FCA8D6755C3}.Release|Any CPU.ActiveCfg = Release|Any CPU
		{9BC8311E-1145-4A06-BE6F-2FCA8D6755C3}.Release|Any CPU.Build.0 = Release|Any CPU
	EndGlobalSection
	GlobalSection(SolutionProperties) = preSolution
		HideSolutionNode = FALSE
	EndGlobalSection
	GlobalSection(ExtensibilityGlobals) = postSolution
		SolutionGuid = {3D26BBBB-1557-40E3-B18A-5B31B7CCAEA3}
	EndGlobalSection
EndGlobal
